{
  "name": "orbit-db-cache",
  "version": "0.0.6",
  "lockfileVersion": 1,
  "requires": true,
  "dependencies": {
    "dexie": {
      "version": "1.5.1",
      "resolved": "https://registry.npmjs.org/dexie/-/dexie-1.5.1.tgz",
      "integrity": "sha1-rDrVoOuvfm5Cdg21hxBBjUp1ZiQ="
    },
    "fs-pull-blob-store": {
      "version": "0.4.1",
      "resolved": "https://registry.npmjs.org/fs-pull-blob-store/-/fs-pull-blob-store-0.4.1.tgz",
      "integrity": "sha1-CZsKDj/FlOnaBfL4j+XOg7ajNFo=",
      "requires": {
        "mkdirp": "0.5.1",
        "pull-defer": "0.2.2",
        "pull-file": "1.0.0",
        "pull-stream": "3.6.1",
        "pull-write-file": "0.2.4"
      }
    },
    "idb-pull-blob-store": {
      "version": "0.5.1",
      "resolved": "https://registry.npmjs.org/idb-pull-blob-store/-/idb-pull-blob-store-0.5.1.tgz",
      "integrity": "sha1-nBP58Q6wWqOp8g71cVE8R1efddQ=",
      "requires": {
        "dexie": "1.5.1",
        "pull-defer": "0.2.2",
        "pull-pushable": "2.1.1",
        "pull-window": "2.1.4",
        "pull-write": "1.1.4",
        "typedarray-to-buffer": "3.1.2"
      }
    },
    "is-typedarray": {
      "version": "1.0.0",
      "resolved": "https://registry.npmjs.org/is-typedarray/-/is-typedarray-1.0.0.tgz",
      "integrity": "sha1-5HnICFjfDBsR3dppQPlgEfzaSpo="
    },
    "lock": {
      "version": "0.1.4",
      "resolved": "https://registry.npmjs.org/lock/-/lock-0.1.4.tgz",
      "integrity": "sha1-/sfervF+fDoKVeHaBCgD4l2RdF0="
    },
    "looper": {
      "version": "2.0.0",
      "resolved": "https://registry.npmjs.org/looper/-/looper-2.0.0.tgz",
      "integrity": "sha1-Zs0Md0rz1P7axTeU90LbVtqPCew="
    },
    "minimist": {
      "version": "0.0.8",
      "resolved": "https://registry.npmjs.org/minimist/-/minimist-0.0.8.tgz",
      "integrity": "sha1-hX/Kv8M5fSYluCKCYuhqp6ARsF0="
    },
    "mkdirp": {
      "version": "0.5.1",
      "resolved": "https://registry.npmjs.org/mkdirp/-/mkdirp-0.5.1.tgz",
      "integrity": "sha1-MAV0OOrGz3+MR2fzhkjWaX11yQM=",
      "requires": {
        "minimist": "0.0.8"
      }
    },
    "pull-cat": {
      "version": "1.1.11",
      "resolved": "https://registry.npmjs.org/pull-cat/-/pull-cat-1.1.11.tgz",
      "integrity": "sha1-tkLdElXaN2pwa220+pYvX9t0wxs="
    },
    "pull-defer": {
      "version": "0.2.2",
      "resolved": "https://registry.npmjs.org/pull-defer/-/pull-defer-0.2.2.tgz",
      "integrity": "sha1-CIew/7MK8ypW2+z6csFnInHwexM="
    },
    "pull-file": {
      "version": "1.0.0",
      "resolved": "https://registry.npmjs.org/pull-file/-/pull-file-1.0.0.tgz",
      "integrity": "sha1-WgywNteO4Q4+C0KT389u/6EDYxg=",
      "requires": {
        "pull-utf8-decoder": "1.0.2"
      }
    },
    "pull-pushable": {
      "version": "2.1.1",
      "resolved": "https://registry.npmjs.org/pull-pushable/-/pull-pushable-2.1.1.tgz",
      "integrity": "sha1-hmZqu+P1QC8ffq0D7v1pt4Xspbg="
    },
    "pull-stream": {
      "version": "3.6.1",
      "resolved": "https://registry.npmjs.org/pull-stream/-/pull-stream-3.6.1.tgz",
      "integrity": "sha1-xcKuSlEkbv7rzGXAQSo9clqSzgA="
    },
    "pull-utf8-decoder": {
      "version": "1.0.2",
      "resolved": "https://registry.npmjs.org/pull-utf8-decoder/-/pull-utf8-decoder-1.0.2.tgz",
      "integrity": "sha1-p6+iOE0eZBWl1gIFQSbMjeO8vOc="
    },
    "pull-window": {
      "version": "2.1.4",
      "resolved": "https://registry.npmjs.org/pull-window/-/pull-window-2.1.4.tgz",
      "integrity": "sha1-/DuG/uvRkgx64pdpHiP3BfiFUvA=",
      "requires": {
        "looper": "2.0.0"
      }
    },
    "pull-write": {
      "version": "1.1.4",
      "resolved": "https://registry.npmjs.org/pull-write/-/pull-write-1.1.4.tgz",
      "integrity": "sha1-3d6jFJO0j2douEooHQHrO1Mf4Lg=",
      "requires": {
        "looper": "4.0.0",
        "pull-cat": "1.1.11",
        "pull-stream": "3.6.1"
      },
      "dependencies": {
        "looper": {
          "version": "4.0.0",
          "resolved": "https://registry.npmjs.org/looper/-/looper-4.0.0.tgz",
          "integrity": "sha1-dwat7VmpntygbmtUu4bI7BnJUVU="
        }
      }
    },
    "pull-write-file": {
      "version": "0.2.4",
      "resolved": "https://registry.npmjs.org/pull-write-file/-/pull-write-file-0.2.4.tgz",
      "integrity": "sha1-Q3NErrIYn2XmeO0a838PdgpUU+8="
    },
    "typedarray-to-buffer": {
      "version": "3.1.2",
      "resolved": "https://registry.npmjs.org/typedarray-to-buffer/-/typedarray-to-buffer-3.1.2.tgz",
      "integrity": "sha1-EBezLZhP9VbroQD1AViauhrOLgQ=",
      "requires": {
        "is-typedarray": "1.0.0"
      }
    }
  }
}
